// !$*UTF8*$!
{
	archiveVersion = 1;
	classes = {
	};
	objectVersion = 46;
	objects = {

/* Begin PBXBuildFile section */
		45089A3519DB608800C628F9 /* EBTestNamesDataHandler.swift in Sources */ = {isa = PBXBuildFile; fileRef = 45089A3419DB608800C628F9 /* EBTestNamesDataHandler.swift */; };
		45089A3719DBA13C00C628F9 /* TestViewController.swift in Sources */ = {isa = PBXBuildFile; fileRef = 45089A3619DBA13C00C628F9 /* TestViewController.swift */; };
		45090B3219DB2E4200308778 /* EBTagListStatus.swift in Sources */ = {isa = PBXBuildFile; fileRef = 45090B3119DB2E4200308778 /* EBTagListStatus.swift */; };
		450F352819D71FDE007DC09F /* ResetPasswordViewController.swift in Sources */ = {isa = PBXBuildFile; fileRef = 450F352719D71FDE007DC09F /* ResetPasswordViewController.swift */; };
		451733E619D18CBF008F8307 /* Bolts.framework in Frameworks */ = {isa = PBXBuildFile; fileRef = 451733E319D18CBF008F8307 /* Bolts.framework */; };
		451733E719D18CBF008F8307 /* Parse.framework in Frameworks */ = {isa = PBXBuildFile; fileRef = 451733E419D18CBF008F8307 /* Parse.framework */; };
		451733E819D18CBF008F8307 /* ParseFacebookUtils.framework in Frameworks */ = {isa = PBXBuildFile; fileRef = 451733E519D18CBF008F8307 /* ParseFacebookUtils.framework */; };
		451733EA19D18CEA008F8307 /* AudioToolbox.framework in Frameworks */ = {isa = PBXBuildFile; fileRef = 451733E919D18CEA008F8307 /* AudioToolbox.framework */; };
		451733EC19D18CF2008F8307 /* CFNetwork.framework in Frameworks */ = {isa = PBXBuildFile; fileRef = 451733EB19D18CF2008F8307 /* CFNetwork.framework */; };
		451733EE19D18CF8008F8307 /* CoreGraphics.framework in Frameworks */ = {isa = PBXBuildFile; fileRef = 451733ED19D18CF8008F8307 /* CoreGraphics.framework */; };
		451733F019D18D00008F8307 /* CoreLocation.framework in Frameworks */ = {isa = PBXBuildFile; fileRef = 451733EF19D18D00008F8307 /* CoreLocation.framework */; };
		451733F219D18D08008F8307 /* libz.dylib in Frameworks */ = {isa = PBXBuildFile; fileRef = 451733F119D18D08008F8307 /* libz.dylib */; };
		451733F419D18D13008F8307 /* MobileCoreServices.framework in Frameworks */ = {isa = PBXBuildFile; fileRef = 451733F319D18D13008F8307 /* MobileCoreServices.framework */; };
		451733F619D18D1A008F8307 /* QuartzCore.framework in Frameworks */ = {isa = PBXBuildFile; fileRef = 451733F519D18D1A008F8307 /* QuartzCore.framework */; };
		451733F819D18D21008F8307 /* Security.framework in Frameworks */ = {isa = PBXBuildFile; fileRef = 451733F719D18D21008F8307 /* Security.framework */; };
		451733FA19D18D29008F8307 /* StoreKit.framework in Frameworks */ = {isa = PBXBuildFile; fileRef = 451733F919D18D29008F8307 /* StoreKit.framework */; };
		451733FC19D18D31008F8307 /* SystemConfiguration.framework in Frameworks */ = {isa = PBXBuildFile; fileRef = 451733FB19D18D31008F8307 /* SystemConfiguration.framework */; };
		4527429B19D7182B009C58DD /* SignInWithEmailViewController.swift in Sources */ = {isa = PBXBuildFile; fileRef = 4527429A19D7182B009C58DD /* SignInWithEmailViewController.swift */; };
		452A126619D03B6500E1E217 /* AppDelegate.swift in Sources */ = {isa = PBXBuildFile; fileRef = 452A126519D03B6500E1E217 /* AppDelegate.swift */; };
		452A126B19D03B6500E1E217 /* Main.storyboard in Resources */ = {isa = PBXBuildFile; fileRef = 452A126919D03B6500E1E217 /* Main.storyboard */; };
		452A126D19D03B6500E1E217 /* Images.xcassets in Resources */ = {isa = PBXBuildFile; fileRef = 452A126C19D03B6500E1E217 /* Images.xcassets */; };
		452A127019D03B6500E1E217 /* LaunchScreen.xib in Resources */ = {isa = PBXBuildFile; fileRef = 452A126E19D03B6500E1E217 /* LaunchScreen.xib */; };
		452A127C19D03B6500E1E217 /* ChoozeTests.swift in Sources */ = {isa = PBXBuildFile; fileRef = 452A127B19D03B6500E1E217 /* ChoozeTests.swift */; };
		453BE11619D1AF7000D7D3A1 /* FAQViewController.swift in Sources */ = {isa = PBXBuildFile; fileRef = 453BE11519D1AF7000D7D3A1 /* FAQViewController.swift */; };
		453BE11819D1AFA500D7D3A1 /* LogInOrRegisterViewController.swift in Sources */ = {isa = PBXBuildFile; fileRef = 453BE11719D1AFA500D7D3A1 /* LogInOrRegisterViewController.swift */; };
		453DA14619DAA96B0056FB87 /* ChoozeNamesViewController.swift in Sources */ = {isa = PBXBuildFile; fileRef = 453DA14519DAA96B0056FB87 /* ChoozeNamesViewController.swift */; };
		456070C219D57FCE00BF8686 /* EBParseService.swift in Sources */ = {isa = PBXBuildFile; fileRef = 456070C119D57FCE00BF8686 /* EBParseService.swift */; };
		456070C719D5919300BF8686 /* EBIntroView.swift in Sources */ = {isa = PBXBuildFile; fileRef = 456070C619D5919300BF8686 /* EBIntroView.swift */; };
		456070CD19D59A1C00BF8686 /* enIntroPagesInfo.cif in Resources */ = {isa = PBXBuildFile; fileRef = 456070CB19D59A1C00BF8686 /* enIntroPagesInfo.cif */; };
		456070D119D59FA700BF8686 /* ChoozeUtils.swift in Sources */ = {isa = PBXBuildFile; fileRef = 456070D019D59FA700BF8686 /* ChoozeUtils.swift */; };
		456CF14F19D175EB002C9274 /* EBNavigationController.swift in Sources */ = {isa = PBXBuildFile; fileRef = 456CF14E19D175EB002C9274 /* EBNavigationController.swift */; };
		456CF15219D1797B002C9274 /* EBUserDefaults.swift in Sources */ = {isa = PBXBuildFile; fileRef = 456CF15119D1797B002C9274 /* EBUserDefaults.swift */; };
		456D7FA219D5AA00004656A8 /* EBIntroPage.swift in Sources */ = {isa = PBXBuildFile; fileRef = 456D7FA119D5AA00004656A8 /* EBIntroPage.swift */; };
		456D7FA519D5AA17004656A8 /* EBIntroPage.xib in Resources */ = {isa = PBXBuildFile; fileRef = 456D7FA419D5AA17004656A8 /* EBIntroPage.xib */; };
		4590DF6719D35DAB00D6EB43 /* MainViewController.swift in Sources */ = {isa = PBXBuildFile; fileRef = 4590DF6619D35DAB00D6EB43 /* MainViewController.swift */; };
		4590E11E19D42FD300D6EB43 /* EBFacebookService.swift in Sources */ = {isa = PBXBuildFile; fileRef = 4590E11D19D42FD300D6EB43 /* EBFacebookService.swift */; };
		45B980AA19DC20D400CB4258 /* EBLandscapeNavigationController.swift in Sources */ = {isa = PBXBuildFile; fileRef = 45B980A919DC20D400CB4258 /* EBLandscapeNavigationController.swift */; };
		45BF7B2119D4439E00061D1A /* CoreMotion.framework in Frameworks */ = {isa = PBXBuildFile; fileRef = 45BF7B2019D4439E00061D1A /* CoreMotion.framework */; };
		45BF7B2519D443DD00061D1A /* AdSupport.framework in Frameworks */ = {isa = PBXBuildFile; fileRef = 45BF7B2419D443DD00061D1A /* AdSupport.framework */; };
		45BF7B2819D4477C00061D1A /* Bolts.framework in Frameworks */ = {isa = PBXBuildFile; fileRef = 45BF7B2619D4477C00061D1A /* Bolts.framework */; };
		45BF7B2919D4477C00061D1A /* FacebookSDK.framework in Frameworks */ = {isa = PBXBuildFile; fileRef = 45BF7B2719D4477C00061D1A /* FacebookSDK.framework */; };
		45CBB7B419D71486001B59FF /* SignUpWithEmailViewController.swift in Sources */ = {isa = PBXBuildFile; fileRef = 45CBB7B319D71486001B59FF /* SignUpWithEmailViewController.swift */; };
		45E043B919D7848800968A60 /* EBFileReader.swift in Sources */ = {isa = PBXBuildFile; fileRef = 45E043B819D7848800968A60 /* EBFileReader.swift */; };
		45E043BD19D785AD00968A60 /* enQuestionsInfo.cif in Resources */ = {isa = PBXBuildFile; fileRef = 45E043BB19D785AD00968A60 /* enQuestionsInfo.cif */; };
		45E043C119D786FD00968A60 /* enAnswersInfo.cif in Resources */ = {isa = PBXBuildFile; fileRef = 45E043BF19D786FC00968A60 /* enAnswersInfo.cif */; };
		45E043C519D7F0D600968A60 /* EBTagListView.swift in Sources */ = {isa = PBXBuildFile; fileRef = 45E043C419D7F0D600968A60 /* EBTagListView.swift */; };
		45E043C719D7F18800968A60 /* EBTagView.swift in Sources */ = {isa = PBXBuildFile; fileRef = 45E043C619D7F18800968A60 /* EBTagView.swift */; };
		45E043C919D8013500968A60 /* EBTagListView.xib in Resources */ = {isa = PBXBuildFile; fileRef = 45E043C819D8013500968A60 /* EBTagListView.xib */; };
/* End PBXBuildFile section */

/* Begin PBXContainerItemProxy section */
		452A127619D03B6500E1E217 /* PBXContainerItemProxy */ = {
			isa = PBXContainerItemProxy;
			containerPortal = 452A125819D03B6500E1E217 /* Project object */;
			proxyType = 1;
			remoteGlobalIDString = 452A125F19D03B6500E1E217;
			remoteInfo = Chooze;
		};
/* End PBXContainerItemProxy section */

/* Begin PBXFileReference section */
		45089A3419DB608800C628F9 /* EBTestNamesDataHandler.swift */ = {isa = PBXFileReference; fileEncoding = 4; lastKnownFileType = sourcecode.swift; path = EBTestNamesDataHandler.swift; sourceTree = "<group>"; };
		45089A3619DBA13C00C628F9 /* TestViewController.swift */ = {isa = PBXFileReference; fileEncoding = 4; lastKnownFileType = sourcecode.swift; path = TestViewController.swift; sourceTree = "<group>"; };
		45090B3119DB2E4200308778 /* EBTagListStatus.swift */ = {isa = PBXFileReference; fileEncoding = 4; lastKnownFileType = sourcecode.swift; path = EBTagListStatus.swift; sourceTree = "<group>"; };
		450F352719D71FDE007DC09F /* ResetPasswordViewController.swift */ = {isa = PBXFileReference; fileEncoding = 4; lastKnownFileType = sourcecode.swift; path = ResetPasswordViewController.swift; sourceTree = "<group>"; };
		451733E319D18CBF008F8307 /* Bolts.framework */ = {isa = PBXFileReference; lastKnownFileType = wrapper.framework; path = Bolts.framework; sourceTree = "<group>"; };
		451733E419D18CBF008F8307 /* Parse.framework */ = {isa = PBXFileReference; lastKnownFileType = wrapper.framework; path = Parse.framework; sourceTree = "<group>"; };
		451733E519D18CBF008F8307 /* ParseFacebookUtils.framework */ = {isa = PBXFileReference; lastKnownFileType = wrapper.framework; path = ParseFacebookUtils.framework; sourceTree = "<group>"; };
		451733E919D18CEA008F8307 /* AudioToolbox.framework */ = {isa = PBXFileReference; lastKnownFileType = wrapper.framework; name = AudioToolbox.framework; path = System/Library/Frameworks/AudioToolbox.framework; sourceTree = SDKROOT; };
		451733EB19D18CF2008F8307 /* CFNetwork.framework */ = {isa = PBXFileReference; lastKnownFileType = wrapper.framework; name = CFNetwork.framework; path = System/Library/Frameworks/CFNetwork.framework; sourceTree = SDKROOT; };
		451733ED19D18CF8008F8307 /* CoreGraphics.framework */ = {isa = PBXFileReference; lastKnownFileType = wrapper.framework; name = CoreGraphics.framework; path = System/Library/Frameworks/CoreGraphics.framework; sourceTree = SDKROOT; };
		451733EF19D18D00008F8307 /* CoreLocation.framework */ = {isa = PBXFileReference; lastKnownFileType = wrapper.framework; name = CoreLocation.framework; path = System/Library/Frameworks/CoreLocation.framework; sourceTree = SDKROOT; };
		451733F119D18D08008F8307 /* libz.dylib */ = {isa = PBXFileReference; lastKnownFileType = "compiled.mach-o.dylib"; name = libz.dylib; path = usr/lib/libz.dylib; sourceTree = SDKROOT; };
		451733F319D18D13008F8307 /* MobileCoreServices.framework */ = {isa = PBXFileReference; lastKnownFileType = wrapper.framework; name = MobileCoreServices.framework; path = System/Library/Frameworks/MobileCoreServices.framework; sourceTree = SDKROOT; };
		451733F519D18D1A008F8307 /* QuartzCore.framework */ = {isa = PBXFileReference; lastKnownFileType = wrapper.framework; name = QuartzCore.framework; path = System/Library/Frameworks/QuartzCore.framework; sourceTree = SDKROOT; };
		451733F719D18D21008F8307 /* Security.framework */ = {isa = PBXFileReference; lastKnownFileType = wrapper.framework; name = Security.framework; path = System/Library/Frameworks/Security.framework; sourceTree = SDKROOT; };
		451733F919D18D29008F8307 /* StoreKit.framework */ = {isa = PBXFileReference; lastKnownFileType = wrapper.framework; name = StoreKit.framework; path = System/Library/Frameworks/StoreKit.framework; sourceTree = SDKROOT; };
		451733FB19D18D31008F8307 /* SystemConfiguration.framework */ = {isa = PBXFileReference; lastKnownFileType = wrapper.framework; name = SystemConfiguration.framework; path = System/Library/Frameworks/SystemConfiguration.framework; sourceTree = SDKROOT; };
		451733FF19D18EC8008F8307 /* Chooze-Bridging-Header.h */ = {isa = PBXFileReference; lastKnownFileType = sourcecode.c.h; path = "Chooze-Bridging-Header.h"; sourceTree = "<group>"; };
		4527429A19D7182B009C58DD /* SignInWithEmailViewController.swift */ = {isa = PBXFileReference; fileEncoding = 4; lastKnownFileType = sourcecode.swift; path = SignInWithEmailViewController.swift; sourceTree = "<group>"; };
		452A126019D03B6500E1E217 /* Chooze.app */ = {isa = PBXFileReference; explicitFileType = wrapper.application; includeInIndex = 0; path = Chooze.app; sourceTree = BUILT_PRODUCTS_DIR; };
		452A126419D03B6500E1E217 /* Info.plist */ = {isa = PBXFileReference; lastKnownFileType = text.plist.xml; path = Info.plist; sourceTree = "<group>"; };
		452A126519D03B6500E1E217 /* AppDelegate.swift */ = {isa = PBXFileReference; lastKnownFileType = sourcecode.swift; path = AppDelegate.swift; sourceTree = "<group>"; };
		452A126A19D03B6500E1E217 /* Base */ = {isa = PBXFileReference; lastKnownFileType = file.storyboard; name = Base; path = Base.lproj/Main.storyboard; sourceTree = "<group>"; };
		452A126C19D03B6500E1E217 /* Images.xcassets */ = {isa = PBXFileReference; lastKnownFileType = folder.assetcatalog; path = Images.xcassets; sourceTree = "<group>"; };
		452A126F19D03B6500E1E217 /* Base */ = {isa = PBXFileReference; lastKnownFileType = file.xib; name = Base; path = Base.lproj/LaunchScreen.xib; sourceTree = "<group>"; };
		452A127519D03B6500E1E217 /* ChoozeTests.xctest */ = {isa = PBXFileReference; explicitFileType = wrapper.cfbundle; includeInIndex = 0; path = ChoozeTests.xctest; sourceTree = BUILT_PRODUCTS_DIR; };
		452A127A19D03B6500E1E217 /* Info.plist */ = {isa = PBXFileReference; lastKnownFileType = text.plist.xml; path = Info.plist; sourceTree = "<group>"; };
		452A127B19D03B6500E1E217 /* ChoozeTests.swift */ = {isa = PBXFileReference; lastKnownFileType = sourcecode.swift; path = ChoozeTests.swift; sourceTree = "<group>"; };
		453BE11519D1AF7000D7D3A1 /* FAQViewController.swift */ = {isa = PBXFileReference; fileEncoding = 4; lastKnownFileType = sourcecode.swift; path = FAQViewController.swift; sourceTree = "<group>"; };
		453BE11719D1AFA500D7D3A1 /* LogInOrRegisterViewController.swift */ = {isa = PBXFileReference; fileEncoding = 4; lastKnownFileType = sourcecode.swift; path = LogInOrRegisterViewController.swift; sourceTree = "<group>"; };
		453DA14519DAA96B0056FB87 /* ChoozeNamesViewController.swift */ = {isa = PBXFileReference; fileEncoding = 4; lastKnownFileType = sourcecode.swift; path = ChoozeNamesViewController.swift; sourceTree = "<group>"; };
		456070C119D57FCE00BF8686 /* EBParseService.swift */ = {isa = PBXFileReference; fileEncoding = 4; lastKnownFileType = sourcecode.swift; path = EBParseService.swift; sourceTree = "<group>"; };
		456070C619D5919300BF8686 /* EBIntroView.swift */ = {isa = PBXFileReference; fileEncoding = 4; lastKnownFileType = sourcecode.swift; path = EBIntroView.swift; sourceTree = "<group>"; };
		456070CB19D59A1C00BF8686 /* enIntroPagesInfo.cif */ = {isa = PBXFileReference; fileEncoding = 4; lastKnownFileType = text; path = enIntroPagesInfo.cif; sourceTree = "<group>"; };
		456070D019D59FA700BF8686 /* ChoozeUtils.swift */ = {isa = PBXFileReference; fileEncoding = 4; lastKnownFileType = sourcecode.swift; path = ChoozeUtils.swift; sourceTree = "<group>"; };
		456CF14E19D175EB002C9274 /* EBNavigationController.swift */ = {isa = PBXFileReference; fileEncoding = 4; lastKnownFileType = sourcecode.swift; path = EBNavigationController.swift; sourceTree = "<group>"; };
		456CF15119D1797B002C9274 /* EBUserDefaults.swift */ = {isa = PBXFileReference; fileEncoding = 4; lastKnownFileType = sourcecode.swift; path = EBUserDefaults.swift; sourceTree = "<group>"; };
		456D7FA119D5AA00004656A8 /* EBIntroPage.swift */ = {isa = PBXFileReference; fileEncoding = 4; lastKnownFileType = sourcecode.swift; path = EBIntroPage.swift; sourceTree = "<group>"; };
		456D7FA419D5AA17004656A8 /* EBIntroPage.xib */ = {isa = PBXFileReference; fileEncoding = 4; lastKnownFileType = file.xib; path = EBIntroPage.xib; sourceTree = "<group>"; };
		4590DF6619D35DAB00D6EB43 /* MainViewController.swift */ = {isa = PBXFileReference; fileEncoding = 4; lastKnownFileType = sourcecode.swift; path = MainViewController.swift; sourceTree = "<group>"; };
		4590E11D19D42FD300D6EB43 /* EBFacebookService.swift */ = {isa = PBXFileReference; fileEncoding = 4; lastKnownFileType = sourcecode.swift; path = EBFacebookService.swift; sourceTree = "<group>"; };
		45B980A919DC20D400CB4258 /* EBLandscapeNavigationController.swift */ = {isa = PBXFileReference; fileEncoding = 4; lastKnownFileType = sourcecode.swift; path = EBLandscapeNavigationController.swift; sourceTree = "<group>"; };
		45BF7B2019D4439E00061D1A /* CoreMotion.framework */ = {isa = PBXFileReference; lastKnownFileType = wrapper.framework; name = CoreMotion.framework; path = System/Library/Frameworks/CoreMotion.framework; sourceTree = SDKROOT; };
		45BF7B2419D443DD00061D1A /* AdSupport.framework */ = {isa = PBXFileReference; lastKnownFileType = wrapper.framework; name = AdSupport.framework; path = System/Library/Frameworks/AdSupport.framework; sourceTree = SDKROOT; };
		45BF7B2619D4477C00061D1A /* Bolts.framework */ = {isa = PBXFileReference; lastKnownFileType = wrapper.framework; name = Bolts.framework; path = ../../../FacebookSDK1/Bolts.framework; sourceTree = "<group>"; };
		45BF7B2719D4477C00061D1A /* FacebookSDK.framework */ = {isa = PBXFileReference; lastKnownFileType = wrapper.framework; name = FacebookSDK.framework; path = ../../../FacebookSDK1/FacebookSDK.framework; sourceTree = "<group>"; };
		45CBB7B319D71486001B59FF /* SignUpWithEmailViewController.swift */ = {isa = PBXFileReference; fileEncoding = 4; lastKnownFileType = sourcecode.swift; path = SignUpWithEmailViewController.swift; sourceTree = "<group>"; };
		45E043B819D7848800968A60 /* EBFileReader.swift */ = {isa = PBXFileReference; fileEncoding = 4; lastKnownFileType = sourcecode.swift; path = EBFileReader.swift; sourceTree = "<group>"; };
		45E043BB19D785AD00968A60 /* enQuestionsInfo.cif */ = {isa = PBXFileReference; fileEncoding = 4; lastKnownFileType = text; path = enQuestionsInfo.cif; sourceTree = "<group>"; };
		45E043BF19D786FC00968A60 /* enAnswersInfo.cif */ = {isa = PBXFileReference; fileEncoding = 4; lastKnownFileType = text; path = enAnswersInfo.cif; sourceTree = "<group>"; };
		45E043C419D7F0D600968A60 /* EBTagListView.swift */ = {isa = PBXFileReference; fileEncoding = 4; lastKnownFileType = sourcecode.swift; path = EBTagListView.swift; sourceTree = "<group>"; };
		45E043C619D7F18800968A60 /* EBTagView.swift */ = {isa = PBXFileReference; fileEncoding = 4; lastKnownFileType = sourcecode.swift; path = EBTagView.swift; sourceTree = "<group>"; };
		45E043C819D8013500968A60 /* EBTagListView.xib */ = {isa = PBXFileReference; fileEncoding = 4; lastKnownFileType = file.xib; path = EBTagListView.xib; sourceTree = "<group>"; };
/* End PBXFileReference section */

/* Begin PBXFrameworksBuildPhase section */
		452A125D19D03B6500E1E217 /* Frameworks */ = {
			isa = PBXFrameworksBuildPhase;
			buildActionMask = 2147483647;
			files = (
				45BF7B2519D443DD00061D1A /* AdSupport.framework in Frameworks */,
				45BF7B2119D4439E00061D1A /* CoreMotion.framework in Frameworks */,
				451733FC19D18D31008F8307 /* SystemConfiguration.framework in Frameworks */,
				451733FA19D18D29008F8307 /* StoreKit.framework in Frameworks */,
				451733F819D18D21008F8307 /* Security.framework in Frameworks */,
				451733F619D18D1A008F8307 /* QuartzCore.framework in Frameworks */,
				451733F419D18D13008F8307 /* MobileCoreServices.framework in Frameworks */,
				451733F219D18D08008F8307 /* libz.dylib in Frameworks */,
				45BF7B2919D4477C00061D1A /* FacebookSDK.framework in Frameworks */,
				451733F019D18D00008F8307 /* CoreLocation.framework in Frameworks */,
				451733EE19D18CF8008F8307 /* CoreGraphics.framework in Frameworks */,
				451733EC19D18CF2008F8307 /* CFNetwork.framework in Frameworks */,
				451733EA19D18CEA008F8307 /* AudioToolbox.framework in Frameworks */,
				451733E719D18CBF008F8307 /* Parse.framework in Frameworks */,
				451733E619D18CBF008F8307 /* Bolts.framework in Frameworks */,
				451733E819D18CBF008F8307 /* ParseFacebookUtils.framework in Frameworks */,
				45BF7B2819D4477C00061D1A /* Bolts.framework in Frameworks */,
			);
			runOnlyForDeploymentPostprocessing = 0;
		};
		452A127219D03B6500E1E217 /* Frameworks */ = {
			isa = PBXFrameworksBuildPhase;
			buildActionMask = 2147483647;
			files = (
			);
			runOnlyForDeploymentPostprocessing = 0;
		};
/* End PBXFrameworksBuildPhase section */

/* Begin PBXGroup section */
		451733E219D18CBF008F8307 /* parse-library */ = {
			isa = PBXGroup;
			children = (
				451733E319D18CBF008F8307 /* Bolts.framework */,
				451733E419D18CBF008F8307 /* Parse.framework */,
				451733E519D18CBF008F8307 /* ParseFacebookUtils.framework */,
			);
			name = "parse-library";
			path = "parse-library-1";
			sourceTree = "<group>";
		};
		451733FD19D18D3D008F8307 /* Frameworks */ = {
			isa = PBXGroup;
			children = (
				45BF7B2619D4477C00061D1A /* Bolts.framework */,
				45BF7B2719D4477C00061D1A /* FacebookSDK.framework */,
				45BF7B2419D443DD00061D1A /* AdSupport.framework */,
				45BF7B2019D4439E00061D1A /* CoreMotion.framework */,
				451733E219D18CBF008F8307 /* parse-library */,
				451733FB19D18D31008F8307 /* SystemConfiguration.framework */,
				451733F919D18D29008F8307 /* StoreKit.framework */,
				451733F719D18D21008F8307 /* Security.framework */,
				451733F519D18D1A008F8307 /* QuartzCore.framework */,
				451733F319D18D13008F8307 /* MobileCoreServices.framework */,
				451733F119D18D08008F8307 /* libz.dylib */,
				451733EF19D18D00008F8307 /* CoreLocation.framework */,
				451733ED19D18CF8008F8307 /* CoreGraphics.framework */,
				451733EB19D18CF2008F8307 /* CFNetwork.framework */,
				451733E919D18CEA008F8307 /* AudioToolbox.framework */,
			);
			name = Frameworks;
			sourceTree = "<group>";
		};
		451733FE19D18E9B008F8307 /* Parse */ = {
			isa = PBXGroup;
			children = (
				456070C119D57FCE00BF8686 /* EBParseService.swift */,
			);
			name = Parse;
			sourceTree = "<group>";
		};
		452A125719D03B6500E1E217 = {
			isa = PBXGroup;
			children = (
				452A126219D03B6500E1E217 /* Chooze */,
				452A127819D03B6500E1E217 /* ChoozeTests */,
				452A126119D03B6500E1E217 /* Products */,
			);
			sourceTree = "<group>";
		};
		452A126119D03B6500E1E217 /* Products */ = {
			isa = PBXGroup;
			children = (
				452A126019D03B6500E1E217 /* Chooze.app */,
				452A127519D03B6500E1E217 /* ChoozeTests.xctest */,
			);
			name = Products;
			sourceTree = "<group>";
		};
		452A126219D03B6500E1E217 /* Chooze */ = {
			isa = PBXGroup;
			children = (
				452A126519D03B6500E1E217 /* AppDelegate.swift */,
				452A126919D03B6500E1E217 /* Main.storyboard */,
				456CF14A19D1682B002C9274 /* NavigationController */,
				456CF14B19D168B1002C9274 /* View Controllers */,
				456070C419D58B5000BF8686 /* Custom Views */,
				456CF15019D17945002C9274 /* Helpers */,
				456070CF19D59F8000BF8686 /* Common */,
				451733FF19D18EC8008F8307 /* Chooze-Bridging-Header.h */,
				452A126C19D03B6500E1E217 /* Images.xcassets */,
				452A126E19D03B6500E1E217 /* LaunchScreen.xib */,
				452A126319D03B6500E1E217 /* Supporting Files */,
			);
			path = Chooze;
			sourceTree = "<group>";
		};
		452A126319D03B6500E1E217 /* Supporting Files */ = {
			isa = PBXGroup;
			children = (
				456070C819D5999400BF8686 /* Text */,
				451733FD19D18D3D008F8307 /* Frameworks */,
				452A126419D03B6500E1E217 /* Info.plist */,
			);
			name = "Supporting Files";
			sourceTree = "<group>";
		};
		452A127819D03B6500E1E217 /* ChoozeTests */ = {
			isa = PBXGroup;
			children = (
				452A127B19D03B6500E1E217 /* ChoozeTests.swift */,
				452A127919D03B6500E1E217 /* Supporting Files */,
			);
			path = ChoozeTests;
			sourceTree = "<group>";
		};
		452A127919D03B6500E1E217 /* Supporting Files */ = {
			isa = PBXGroup;
			children = (
				452A127A19D03B6500E1E217 /* Info.plist */,
			);
			name = "Supporting Files";
			sourceTree = "<group>";
		};
		453DA14419DAA94B0056FB87 /* Login / Register */ = {
			isa = PBXGroup;
			children = (
				453BE11719D1AFA500D7D3A1 /* LogInOrRegisterViewController.swift */,
				45CBB7B319D71486001B59FF /* SignUpWithEmailViewController.swift */,
				4527429A19D7182B009C58DD /* SignInWithEmailViewController.swift */,
				450F352719D71FDE007DC09F /* ResetPasswordViewController.swift */,
			);
			name = "Login / Register";
			sourceTree = "<group>";
		};
		456070C319D58B1C00BF8686 /* UserDefaults */ = {
			isa = PBXGroup;
			children = (
				456CF15119D1797B002C9274 /* EBUserDefaults.swift */,
			);
			name = UserDefaults;
			sourceTree = "<group>";
		};
		456070C419D58B5000BF8686 /* Custom Views */ = {
			isa = PBXGroup;
			children = (
				45E043C319D7F0B700968A60 /* EBTagList */,
				456070C519D5917800BF8686 /* EBIntroView */,
			);
			name = "Custom Views";
			sourceTree = "<group>";
		};
		456070C519D5917800BF8686 /* EBIntroView */ = {
			isa = PBXGroup;
			children = (
				456D7FA319D5AA04004656A8 /* EBIntroPage */,
				456070C619D5919300BF8686 /* EBIntroView.swift */,
			);
			name = EBIntroView;
			sourceTree = "<group>";
		};
		456070C819D5999400BF8686 /* Text */ = {
			isa = PBXGroup;
			children = (
				45E043BA19D7859400968A60 /* Questions\Answers */,
				456070CA19D59A0700BF8686 /* Intro */,
			);
			name = Text;
			sourceTree = "<group>";
		};
		456070CA19D59A0700BF8686 /* Intro */ = {
			isa = PBXGroup;
			children = (
				456070CB19D59A1C00BF8686 /* enIntroPagesInfo.cif */,
			);
			name = Intro;
			sourceTree = "<group>";
		};
		456070CF19D59F8000BF8686 /* Common */ = {
			isa = PBXGroup;
			children = (
				45089A3419DB608800C628F9 /* EBTestNamesDataHandler.swift */,
				456070D019D59FA700BF8686 /* ChoozeUtils.swift */,
			);
			name = Common;
			sourceTree = "<group>";
		};
		456CAFDE19D575EB0045C2BB /* Data Access Layer */ = {
			isa = PBXGroup;
			children = (
				45E043B719D7846F00968A60 /* File Reader */,
				456070C319D58B1C00BF8686 /* UserDefaults */,
				451733FE19D18E9B008F8307 /* Parse */,
				4590E11A19D42F7400D6EB43 /* Facebook */,
			);
			name = "Data Access Layer";
			sourceTree = "<group>";
		};
		456CF14A19D1682B002C9274 /* NavigationController */ = {
			isa = PBXGroup;
			children = (
				456CF14E19D175EB002C9274 /* EBNavigationController.swift */,
				45B980A919DC20D400CB4258 /* EBLandscapeNavigationController.swift */,
			);
			name = NavigationController;
			sourceTree = "<group>";
		};
		456CF14B19D168B1002C9274 /* View Controllers */ = {
			isa = PBXGroup;
			children = (
				4590DF6619D35DAB00D6EB43 /* MainViewController.swift */,
				453BE11519D1AF7000D7D3A1 /* FAQViewController.swift */,
				453DA14519DAA96B0056FB87 /* ChoozeNamesViewController.swift */,
				45089A3619DBA13C00C628F9 /* TestViewController.swift */,
				453DA14419DAA94B0056FB87 /* Login / Register */,
			);
			name = "View Controllers";
			sourceTree = "<group>";
		};
		456CF15019D17945002C9274 /* Helpers */ = {
			isa = PBXGroup;
			children = (
				456CAFDE19D575EB0045C2BB /* Data Access Layer */,
			);
			name = Helpers;
			sourceTree = "<group>";
		};
		456D7FA319D5AA04004656A8 /* EBIntroPage */ = {
			isa = PBXGroup;
			children = (
				456D7FA119D5AA00004656A8 /* EBIntroPage.swift */,
				456D7FA419D5AA17004656A8 /* EBIntroPage.xib */,
			);
			name = EBIntroPage;
			sourceTree = "<group>";
		};
		4590E11A19D42F7400D6EB43 /* Facebook */ = {
			isa = PBXGroup;
			children = (
				4590E11D19D42FD300D6EB43 /* EBFacebookService.swift */,
			);
			name = Facebook;
			sourceTree = "<group>";
		};
		45E043B719D7846F00968A60 /* File Reader */ = {
			isa = PBXGroup;
			children = (
				45E043B819D7848800968A60 /* EBFileReader.swift */,
			);
			name = "File Reader";
			sourceTree = "<group>";
		};
		45E043BA19D7859400968A60 /* Questions\Answers */ = {
			isa = PBXGroup;
			children = (
				45E043BB19D785AD00968A60 /* enQuestionsInfo.cif */,
				45E043BF19D786FC00968A60 /* enAnswersInfo.cif */,
			);
			name = "Questions\\Answers";
			sourceTree = "<group>";
		};
		45E043C319D7F0B700968A60 /* EBTagList */ = {
			isa = PBXGroup;
			children = (
				45E043C419D7F0D600968A60 /* EBTagListView.swift */,
				45E043C819D8013500968A60 /* EBTagListView.xib */,
				45E043C619D7F18800968A60 /* EBTagView.swift */,
				45090B3119DB2E4200308778 /* EBTagListStatus.swift */,
			);
			name = EBTagList;
			sourceTree = "<group>";
		};
/* End PBXGroup section */

/* Begin PBXNativeTarget section */
		452A125F19D03B6500E1E217 /* Chooze */ = {
			isa = PBXNativeTarget;
			buildConfigurationList = 452A127F19D03B6500E1E217 /* Build configuration list for PBXNativeTarget "Chooze" */;
			buildPhases = (
				452A125C19D03B6500E1E217 /* Sources */,
				452A125D19D03B6500E1E217 /* Frameworks */,
				452A125E19D03B6500E1E217 /* Resources */,
			);
			buildRules = (
			);
			dependencies = (
			);
			name = Chooze;
			productName = Chooze;
			productReference = 452A126019D03B6500E1E217 /* Chooze.app */;
			productType = "com.apple.product-type.application";
		};
		452A127419D03B6500E1E217 /* ChoozeTests */ = {
			isa = PBXNativeTarget;
			buildConfigurationList = 452A128219D03B6500E1E217 /* Build configuration list for PBXNativeTarget "ChoozeTests" */;
			buildPhases = (
				452A127119D03B6500E1E217 /* Sources */,
				452A127219D03B6500E1E217 /* Frameworks */,
				452A127319D03B6500E1E217 /* Resources */,
			);
			buildRules = (
			);
			dependencies = (
				452A127719D03B6500E1E217 /* PBXTargetDependency */,
			);
			name = ChoozeTests;
			productName = ChoozeTests;
			productReference = 452A127519D03B6500E1E217 /* ChoozeTests.xctest */;
			productType = "com.apple.product-type.bundle.unit-test";
		};
/* End PBXNativeTarget section */

/* Begin PBXProject section */
		452A125819D03B6500E1E217 /* Project object */ = {
			isa = PBXProject;
			attributes = {
				LastUpgradeCheck = 0600;
				ORGANIZATIONNAME = BlueGene;
				TargetAttributes = {
					452A125F19D03B6500E1E217 = {
						CreatedOnToolsVersion = 6.0;
						DevelopmentTeam = K55J6335U6;
					};
					452A127419D03B6500E1E217 = {
						CreatedOnToolsVersion = 6.0;
						TestTargetID = 452A125F19D03B6500E1E217;
					};
				};
			};
			buildConfigurationList = 452A125B19D03B6500E1E217 /* Build configuration list for PBXProject "Chooze" */;
			compatibilityVersion = "Xcode 3.2";
			developmentRegion = English;
			hasScannedForEncodings = 0;
			knownRegions = (
				en,
				Base,
				he,
			);
			mainGroup = 452A125719D03B6500E1E217;
			productRefGroup = 452A126119D03B6500E1E217 /* Products */;
			projectDirPath = "";
			projectRoot = "";
			targets = (
				452A125F19D03B6500E1E217 /* Chooze */,
				452A127419D03B6500E1E217 /* ChoozeTests */,
			);
		};
/* End PBXProject section */

/* Begin PBXResourcesBuildPhase section */
		452A125E19D03B6500E1E217 /* Resources */ = {
			isa = PBXResourcesBuildPhase;
			buildActionMask = 2147483647;
			files = (
				452A126B19D03B6500E1E217 /* Main.storyboard in Resources */,
				456070CD19D59A1C00BF8686 /* enIntroPagesInfo.cif in Resources */,
				452A127019D03B6500E1E217 /* LaunchScreen.xib in Resources */,
				45E043BD19D785AD00968A60 /* enQuestionsInfo.cif in Resources */,
				45E043C919D8013500968A60 /* EBTagListView.xib in Resources */,
				45E043C119D786FD00968A60 /* enAnswersInfo.cif in Resources */,
				452A126D19D03B6500E1E217 /* Images.xcassets in Resources */,
				456D7FA519D5AA17004656A8 /* EBIntroPage.xib in Resources */,
			);
			runOnlyForDeploymentPostprocessing = 0;
		};
		452A127319D03B6500E1E217 /* Resources */ = {
			isa = PBXResourcesBuildPhase;
			buildActionMask = 2147483647;
			files = (
			);
			runOnlyForDeploymentPostprocessing = 0;
		};
/* End PBXResourcesBuildPhase section */

/* Begin PBXSourcesBuildPhase section */
		452A125C19D03B6500E1E217 /* Sources */ = {
			isa = PBXSourcesBuildPhase;
			buildActionMask = 2147483647;
			files = (
				45B980AA19DC20D400CB4258 /* EBLandscapeNavigationController.swift in Sources */,
				4527429B19D7182B009C58DD /* SignInWithEmailViewController.swift in Sources */,
				45089A3519DB608800C628F9 /* EBTestNamesDataHandler.swift in Sources */,
				45E043C719D7F18800968A60 /* EBTagView.swift in Sources */,
				453DA14619DAA96B0056FB87 /* ChoozeNamesViewController.swift in Sources */,
				45090B3219DB2E4200308778 /* EBTagListStatus.swift in Sources */,
				4590DF6719D35DAB00D6EB43 /* MainViewController.swift in Sources */,
				456CF15219D1797B002C9274 /* EBUserDefaults.swift in Sources */,
				45089A3719DBA13C00C628F9 /* TestViewController.swift in Sources */,
				456070C219D57FCE00BF8686 /* EBParseService.swift in Sources */,
				45E043B919D7848800968A60 /* EBFileReader.swift in Sources */,
				456CF14F19D175EB002C9274 /* EBNavigationController.swift in Sources */,
				456D7FA219D5AA00004656A8 /* EBIntroPage.swift in Sources */,
				453BE11619D1AF7000D7D3A1 /* FAQViewController.swift in Sources */,
				45E043C519D7F0D600968A60 /* EBTagListView.swift in Sources */,
				453BE11819D1AFA500D7D3A1 /* LogInOrRegisterViewController.swift in Sources */,
				4590E11E19D42FD300D6EB43 /* EBFacebookService.swift in Sources */,
				456070D119D59FA700BF8686 /* ChoozeUtils.swift in Sources */,
				456070C719D5919300BF8686 /* EBIntroView.swift in Sources */,
				452A126619D03B6500E1E217 /* AppDelegate.swift in Sources */,
				45CBB7B419D71486001B59FF /* SignUpWithEmailViewController.swift in Sources */,
				450F352819D71FDE007DC09F /* ResetPasswordViewController.swift in Sources */,
			);
			runOnlyForDeploymentPostprocessing = 0;
		};
		452A127119D03B6500E1E217 /* Sources */ = {
			isa = PBXSourcesBuildPhase;
			buildActionMask = 2147483647;
			files = (
				452A127C19D03B6500E1E217 /* ChoozeTests.swift in Sources */,
			);
			runOnlyForDeploymentPostprocessing = 0;
		};
/* End PBXSourcesBuildPhase section */

/* Begin PBXTargetDependency section */
		452A127719D03B6500E1E217 /* PBXTargetDependency */ = {
			isa = PBXTargetDependency;
			target = 452A125F19D03B6500E1E217 /* Chooze */;
			targetProxy = 452A127619D03B6500E1E217 /* PBXContainerItemProxy */;
		};
/* End PBXTargetDependency section */

/* Begin PBXVariantGroup section */
		452A126919D03B6500E1E217 /* Main.storyboard */ = {
			isa = PBXVariantGroup;
			children = (
				452A126A19D03B6500E1E217 /* Base */,
			);
			name = Main.storyboard;
			sourceTree = "<group>";
		};
		452A126E19D03B6500E1E217 /* LaunchScreen.xib */ = {
			isa = PBXVariantGroup;
			children = (
				452A126F19D03B6500E1E217 /* Base */,
			);
			name = LaunchScreen.xib;
			sourceTree = "<group>";
		};
/* End PBXVariantGroup section */

/* Begin XCBuildConfiguration section */
		452A127D19D03B6500E1E217 /* Debug */ = {
			isa = XCBuildConfiguration;
			buildSettings = {
				ALWAYS_SEARCH_USER_PATHS = NO;
				CLANG_CXX_LANGUAGE_STANDARD = "gnu++0x";
				CLANG_CXX_LIBRARY = "libc++";
				CLANG_ENABLE_MODULES = YES;
				CLANG_ENABLE_OBJC_ARC = YES;
				CLANG_WARN_BOOL_CONVERSION = YES;
				CLANG_WARN_CONSTANT_CONVERSION = YES;
				CLANG_WARN_DIRECT_OBJC_ISA_USAGE = YES_ERROR;
				CLANG_WARN_EMPTY_BODY = YES;
				CLANG_WARN_ENUM_CONVERSION = YES;
				CLANG_WARN_INT_CONVERSION = YES;
				CLANG_WARN_OBJC_ROOT_CLASS = YES_ERROR;
				CLANG_WARN_UNREACHABLE_CODE = YES;
				CLANG_WARN__DUPLICATE_METHOD_MATCH = YES;
				"CODE_SIGN_IDENTITY[sdk=iphoneos*]" = "iPhone Developer";
				COPY_PHASE_STRIP = NO;
				ENABLE_STRICT_OBJC_MSGSEND = YES;
				GCC_C_LANGUAGE_STANDARD = gnu99;
				GCC_DYNAMIC_NO_PIC = NO;
				GCC_OPTIMIZATION_LEVEL = 0;
				GCC_PREPROCESSOR_DEFINITIONS = (
					"DEBUG=1",
					"$(inherited)",
				);
				GCC_SYMBOLS_PRIVATE_EXTERN = NO;
				GCC_WARN_64_TO_32_BIT_CONVERSION = YES;
				GCC_WARN_ABOUT_RETURN_TYPE = YES_ERROR;
				GCC_WARN_UNDECLARED_SELECTOR = YES;
				GCC_WARN_UNINITIALIZED_AUTOS = YES_AGGRESSIVE;
				GCC_WARN_UNUSED_FUNCTION = YES;
				GCC_WARN_UNUSED_VARIABLE = YES;
				IPHONEOS_DEPLOYMENT_TARGET = 8.0;
				MTL_ENABLE_DEBUG_INFO = YES;
				ONLY_ACTIVE_ARCH = YES;
				SDKROOT = iphoneos;
				SWIFT_OPTIMIZATION_LEVEL = "-Onone";
			};
			name = Debug;
		};
		452A127E19D03B6500E1E217 /* Release */ = {
			isa = XCBuildConfiguration;
			buildSettings = {
				ALWAYS_SEARCH_USER_PATHS = NO;
				CLANG_CXX_LANGUAGE_STANDARD = "gnu++0x";
				CLANG_CXX_LIBRARY = "libc++";
				CLANG_ENABLE_MODULES = YES;
				CLANG_ENABLE_OBJC_ARC = YES;
				CLANG_WARN_BOOL_CONVERSION = YES;
				CLANG_WARN_CONSTANT_CONVERSION = YES;
				CLANG_WARN_DIRECT_OBJC_ISA_USAGE = YES_ERROR;
				CLANG_WARN_EMPTY_BODY = YES;
				CLANG_WARN_ENUM_CONVERSION = YES;
				CLANG_WARN_INT_CONVERSION = YES;
				CLANG_WARN_OBJC_ROOT_CLASS = YES_ERROR;
				CLANG_WARN_UNREACHABLE_CODE = YES;
				CLANG_WARN__DUPLICATE_METHOD_MATCH = YES;
				"CODE_SIGN_IDENTITY[sdk=iphoneos*]" = "iPhone Developer";
				COPY_PHASE_STRIP = YES;
				ENABLE_NS_ASSERTIONS = NO;
				ENABLE_STRICT_OBJC_MSGSEND = YES;
				GCC_C_LANGUAGE_STANDARD = gnu99;
				GCC_WARN_64_TO_32_BIT_CONVERSION = YES;
				GCC_WARN_ABOUT_RETURN_TYPE = YES_ERROR;
				GCC_WARN_UNDECLARED_SELECTOR = YES;
				GCC_WARN_UNINITIALIZED_AUTOS = YES_AGGRESSIVE;
				GCC_WARN_UNUSED_FUNCTION = YES;
				GCC_WARN_UNUSED_VARIABLE = YES;
				IPHONEOS_DEPLOYMENT_TARGET = 8.0;
				MTL_ENABLE_DEBUG_INFO = NO;
				SDKROOT = iphoneos;
				VALIDATE_PRODUCT = YES;
			};
			name = Release;
		};
		452A128019D03B6500E1E217 /* Debug */ = {
			isa = XCBuildConfiguration;
			buildSettings = {
				ASSETCATALOG_COMPILER_APPICON_NAME = AppIcon;
				ASSETCATALOG_COMPILER_LAUNCHIMAGE_NAME = LaunchImage;
				CLANG_ENABLE_MODULES = YES;
				CODE_SIGN_IDENTITY = "iPhone Developer";
				FRAMEWORK_SEARCH_PATHS = (
					"$(inherited)",
					"$(PROJECT_DIR)/Chooze/parse-library-1",
					/Users/Eli/Documents/FacebookSDK,
					/Users/Eli/Documents/FacebookSDK/FBAudienceNetwork,
					/Users/Eli/Documents/FacebookSDK1,
				);
				INFOPLIST_FILE = Chooze/Info.plist;
				IPHONEOS_DEPLOYMENT_TARGET = 7.0;
				LD_RUNPATH_SEARCH_PATHS = "$(inherited) @executable_path/Frameworks";
				OTHER_LDFLAGS = "";
				PRODUCT_NAME = "$(TARGET_NAME)";
				SWIFT_OBJC_BRIDGING_HEADER = "Chooze/Chooze-Bridging-Header.h";
				SWIFT_OPTIMIZATION_LEVEL = "-Onone";
			};
			name = Debug;
		};
		452A128119D03B6500E1E217 /* Release */ = {
			isa = XCBuildConfiguration;
			buildSettings = {
				ASSETCATALOG_COMPILER_APPICON_NAME = AppIcon;
				ASSETCATALOG_COMPILER_LAUNCHIMAGE_NAME = LaunchImage;
				CLANG_ENABLE_MODULES = YES;
				CODE_SIGN_IDENTITY = "iPhone Developer";
				FRAMEWORK_SEARCH_PATHS = (
					"$(inherited)",
					"$(PROJECT_DIR)/Chooze/parse-library-1",
					/Users/Eli/Documents/FacebookSDK,
					/Users/Eli/Documents/FacebookSDK/FBAudienceNetwork,
					/Users/Eli/Documents/FacebookSDK1,
				);
				INFOPLIST_FILE = Chooze/Info.plist;
				IPHONEOS_DEPLOYMENT_TARGET = 7.0;
				LD_RUNPATH_SEARCH_PATHS = "$(inherited) @executable_path/Frameworks";
				OTHER_LDFLAGS = "";
				PRODUCT_NAME = "$(TARGET_NAME)";
				SWIFT_OBJC_BRIDGING_HEADER = "Chooze/Chooze-Bridging-Header.h";
			};
			name = Release;
		};
		452A128319D03B6500E1E217 /* Debug */ = {
			isa = XCBuildConfiguration;
			buildSettings = {
				BUNDLE_LOADER = "$(TEST_HOST)";
				FRAMEWORK_SEARCH_PATHS = (
					"$(SDKROOT)/Developer/Library/Frameworks",
					"$(inherited)",
				);
				GCC_PREPROCESSOR_DEFINITIONS = (
					"DEBUG=1",
					"$(inherited)",
				);
				INFOPLIST_FILE = ChoozeTests/Info.plist;
				LD_RUNPATH_SEARCH_PATHS = "$(inherited) @executable_path/Frameworks @loader_path/Frameworks";
				PRODUCT_NAME = "$(TARGET_NAME)";
				TEST_HOST = "$(BUILT_PRODUCTS_DIR)/Chooze.app/Chooze";
			};
			name = Debug;
		};
		452A128419D03B6500E1E217 /* Release */ = {
			isa = XCBuildConfiguration;
			buildSettings = {
				BUNDLE_LOADER = "$(TEST_HOST)";
				FRAMEWORK_SEARCH_PATHS = (
					"$(SDKROOT)/Developer/Library/Frameworks",
					"$(inherited)",
				);
				INFOPLIST_FILE = ChoozeTests/Info.plist;
				LD_RUNPATH_SEARCH_PATHS = "$(inherited) @executable_path/Frameworks @loader_path/Frameworks";
				PRODUCT_NAME = "$(TARGET_NAME)";
				TEST_HOST = "$(BUILT_PRODUCTS_DIR)/Chooze.app/Chooze";
			};
			name = Release;
		};
/* End XCBuildConfiguration section */

/* Begin XCConfigurationList section */
		452A125B19D03B6500E1E217 /* Build configuration list for PBXProject "Chooze" */ = {
			isa = XCConfigurationList;
			buildConfigurations = (
				452A127D19D03B6500E1E217 /* Debug */,
				452A127E19D03B6500E1E217 /* Release */,
			);
			defaultConfigurationIsVisible = 0;
			defaultConfigurationName = Release;
		};
		452A127F19D03B6500E1E217 /* Build configuration list for PBXNativeTarget "Chooze" */ = {
			isa = XCConfigurationList;
			buildConfigurations = (
				452A128019D03B6500E1E217 /* Debug */,
				452A128119D03B6500E1E217 /* Release */,
			);
			defaultConfigurationIsVisible = 0;
			defaultConfigurationName = Release;
		};
		452A128219D03B6500E1E217 /* Build configuration list for PBXNativeTarget "ChoozeTests" */ = {
			isa = XCConfigurationList;
			buildConfigurations = (
				452A128319D03B6500E1E217 /* Debug */,
				452A128419D03B6500E1E217 /* Release */,
			);
			defaultConfigurationIsVisible = 0;
			defaultConfigurationName = Release;
		};
/* End XCConfigurationList section */
	};
	rootObject = 452A125819D03B6500E1E217 /* Project object */;
}
